
Microsoft Visual Studio Solution File, Format Version 12.00
# Visual Studio 15
VisualStudioVersion = 15.0.27130.2027
MinimumVisualStudioVersion = 10.0.40219.1
Project("{9A19103F-16F7-4668-BE54-9A1E7A4F7556}") = "SomosTechies.Facebook", "SomosTechies.Facebook\SomosTechies.Facebook.csproj", "{9805D869-D96F-4A0D-B3F9-BB4346A717CF}"
EndProject
Project("{FAE04EC0-301F-11D3-BF4B-00C04F79EFBC}") = "SomosTechies.Facebook.Android", "SomosTechies.Facebook.Android\SomosTechies.Facebook.Android.csproj", "{C48A43BB-516B-4152-BB60-1C0B3A01CF82}"
EndProject
Project("{FAE04EC0-301F-11D3-BF4B-00C04F79EFBC}") = "SomosTechies.Facebook.iOS", "SomosTechies.Facebook.iOS\SomosTechies.Facebook.iOS.csproj", "{AE7FC083-66CA-43DA-AEA6-740A06D27665}"
EndProject
Project("{2150E333-8FDC-42A3-9474-1A3956D46DE8}") = "Solution Items", "Solution Items", "{C87C4CA0-41AA-4B57-AD81-B0D526DDEA6E}"
	ProjectSection(SolutionItems) = preProject
		SomosTechies.Facebook.nuspec = SomosTechies.Facebook.nuspec
	EndProjectSection
EndProject
Project("{2150E333-8FDC-42A3-9474-1A3956D46DE8}") = "Sample", "Sample", "{AE13FF61-A84C-425C-9A0D-C3578A01664A}"
EndProject
Project("{FAE04EC0-301F-11D3-BF4B-00C04F79EFBC}") = "DemoFbLogin.Android", "Sample\DemoFbLogin\DemoFbLogin.Android\DemoFbLogin.Android.csproj", "{517D18BB-5695-47D6-A9D1-E4CC73692476}"
EndProject
Project("{FAE04EC0-301F-11D3-BF4B-00C04F79EFBC}") = "DemoFbLogin.iOS", "Sample\DemoFbLogin\DemoFbLogin.iOS\DemoFbLogin.iOS.csproj", "{E632EF17-E8C8-473E-AABE-81FD9D4361D9}"
EndProject
Project("{9A19103F-16F7-4668-BE54-9A1E7A4F7556}") = "DemoFbLogin", "Sample\DemoFbLogin\DemoFbLogin\DemoFbLogin.csproj", "{11EA2038-D780-4FBC-9DD8-368F757AD4E4}"
EndProject
Global
	GlobalSection(SolutionConfigurationPlatforms) = preSolution
		Ad-Hoc|Any CPU = Ad-Hoc|Any CPU
		Ad-Hoc|iPhone = Ad-Hoc|iPhone
		Ad-Hoc|iPhoneSimulator = Ad-Hoc|iPhoneSimulator
		AppStore|Any CPU = AppStore|Any CPU
		AppStore|iPhone = AppStore|iPhone
		AppStore|iPhoneSimulator = AppStore|iPhoneSimulator
		Debug|Any CPU = Debug|Any CPU
		Debug|iPhone = Debug|iPhone
		Debug|iPhoneSimulator = Debug|iPhoneSimulator
		Release|Any CPU = Release|Any CPU
		Release|iPhone = Release|iPhone
		Release|iPhoneSimulator = Release|iPhoneSimulator
	EndGlobalSection
	GlobalSection(ProjectConfigurationPlatforms) = postSolution
		{9805D869-D96F-4A0D-B3F9-BB4346A717CF}.Ad-Hoc|Any CPU.ActiveCfg = Release|Any CPU
		{9805D869-D96F-4A0D-B3F9-BB4346A717CF}.Ad-Hoc|Any CPU.Build.0 = Release|Any CPU
		{9805D869-D96F-4A0D-B3F9-BB4346A717CF}.Ad-Hoc|iPhone.ActiveCfg = Release|Any CPU
		{9805D869-D96F-4A0D-B3F9-BB4346A717CF}.Ad-Hoc|iPhone.Build.0 = Release|Any CPU
		{9805D869-D96F-4A0D-B3F9-BB4346A717CF}.Ad-Hoc|iPhoneSimulator.ActiveCfg = Release|Any CPU
		{9805D869-D96F-4A0D-B3F9-BB4346A717CF}.Ad-Hoc|iPhoneSimulator.Build.0 = Release|Any CPU
		{9805D869-D96F-4A0D-B3F9-BB4346A717CF}.AppStore|Any CPU.ActiveCfg = Release|Any CPU
		{9805D869-D96F-4A0D-B3F9-BB4346A717CF}.AppStore|Any CPU.Build.0 = Release|Any CPU
		{9805D869-D96F-4A0D-B3F9-BB4346A717CF}.AppStore|iPhone.ActiveCfg = Release|Any CPU
		{9805D869-D96F-4A0D-B3F9-BB4346A717CF}.AppStore|iPhone.Build.0 = Release|Any CPU
		{9805D869-D96F-4A0D-B3F9-BB4346A717CF}.AppStore|iPhoneSimulator.ActiveCfg = Release|Any CPU
		{9805D869-D96F-4A0D-B3F9-BB4346A717CF}.AppStore|iPhoneSimulator.Build.0 = Release|Any CPU
		{9805D869-D96F-4A0D-B3F9-BB4346A717CF}.Debug|Any CPU.ActiveCfg = Debug|Any CPU
		{9805D869-D96F-4A0D-B3F9-BB4346A717CF}.Debug|Any CPU.Build.0 = Debug|Any CPU
		{9805D869-D96F-4A0D-B3F9-BB4346A717CF}.Debug|iPhone.ActiveCfg = Debug|Any CPU
		{9805D869-D96F-4A0D-B3F9-BB4346A717CF}.Debug|iPhone.Build.0 = Debug|Any CPU
		{9805D869-D96F-4A0D-B3F9-BB4346A717CF}.Debug|iPhoneSimulator.ActiveCfg = Debug|Any CPU
		{9805D869-D96F-4A0D-B3F9-BB4346A717CF}.Debug|iPhoneSimulator.Build.0 = Debug|Any CPU
		{9805D869-D96F-4A0D-B3F9-BB4346A717CF}.Release|Any CPU.ActiveCfg = Release|Any CPU
		{9805D869-D96F-4A0D-B3F9-BB4346A717CF}.Release|Any CPU.Build.0 = Release|Any CPU
		{9805D869-D96F-4A0D-B3F9-BB4346A717CF}.Release|iPhone.ActiveCfg = Release|Any CPU
		{9805D869-D96F-4A0D-B3F9-BB4346A717CF}.Release|iPhone.Build.0 = Release|Any CPU
		{9805D869-D96F-4A0D-B3F9-BB4346A717CF}.Release|iPhoneSimulator.ActiveCfg = Release|Any CPU
		{9805D869-D96F-4A0D-B3F9-BB4346A717CF}.Release|iPhoneSimulator.Build.0 = Release|Any CPU
		{C48A43BB-516B-4152-BB60-1C0B3A01CF82}.Ad-Hoc|Any CPU.ActiveCfg = Release|Any CPU
		{C48A43BB-516B-4152-BB60-1C0B3A01CF82}.Ad-Hoc|Any CPU.Build.0 = Release|Any CPU
		{C48A43BB-516B-4152-BB60-1C0B3A01CF82}.Ad-Hoc|iPhone.ActiveCfg = Release|Any CPU
		{C48A43BB-516B-4152-BB60-1C0B3A01CF82}.Ad-Hoc|iPhone.Build.0 = Release|Any CPU
		{C48A43BB-516B-4152-BB60-1C0B3A01CF82}.Ad-Hoc|iPhoneSimulator.ActiveCfg = Release|Any CPU
		{C48A43BB-516B-4152-BB60-1C0B3A01CF82}.Ad-Hoc|iPhoneSimulator.Build.0 = Release|Any CPU
		{C48A43BB-516B-4152-BB60-1C0B3A01CF82}.AppStore|Any CPU.ActiveCfg = Release|Any CPU
		{C48A43BB-516B-4152-BB60-1C0B3A01CF82}.AppStore|Any CPU.Build.0 = Release|Any CPU
		{C48A43BB-516B-4152-BB60-1C0B3A01CF82}.AppStore|iPhone.ActiveCfg = Release|Any CPU
		{C48A43BB-516B-4152-BB60-1C0B3A01CF82}.AppStore|iPhone.Build.0 = Release|Any CPU
		{C48A43BB-516B-4152-BB60-1C0B3A01CF82}.AppStore|iPhoneSimulator.ActiveCfg = Release|Any CPU
		{C48A43BB-516B-4152-BB60-1C0B3A01CF82}.AppStore|iPhoneSimulator.Build.0 = Release|Any CPU
		{C48A43BB-516B-4152-BB60-1C0B3A01CF82}.Debug|Any CPU.ActiveCfg = Debug|Any CPU
		{C48A43BB-516B-4152-BB60-1C0B3A01CF82}.Debug|Any CPU.Build.0 = Debug|Any CPU
		{C48A43BB-516B-4152-BB60-1C0B3A01CF82}.Debug|iPhone.ActiveCfg = Debug|Any CPU
		{C48A43BB-516B-4152-BB60-1C0B3A01CF82}.Debug|iPhone.Build.0 = Debug|Any CPU
		{C48A43BB-516B-4152-BB60-1C0B3A01CF82}.Debug|iPhoneSimulator.ActiveCfg = Debug|Any CPU
		{C48A43BB-516B-4152-BB60-1C0B3A01CF82}.Debug|iPhoneSimulator.Build.0 = Debug|Any CPU
		{C48A43BB-516B-4152-BB60-1C0B3A01CF82}.Release|Any CPU.ActiveCfg = Release|Any CPU
		{C48A43BB-516B-4152-BB60-1C0B3A01CF82}.Release|Any CPU.Build.0 = Release|Any CPU
		{C48A43BB-516B-4152-BB60-1C0B3A01CF82}.Release|iPhone.ActiveCfg = Release|Any CPU
		{C48A43BB-516B-4152-BB60-1C0B3A01CF82}.Release|iPhone.Build.0 = Release|Any CPU
		{C48A43BB-516B-4152-BB60-1C0B3A01CF82}.Release|iPhoneSimulator.ActiveCfg = Release|Any CPU
		{C48A43BB-516B-4152-BB60-1C0B3A01CF82}.Release|iPhoneSimulator.Build.0 = Release|Any CPU
		{AE7FC083-66CA-43DA-AEA6-740A06D27665}.Ad-Hoc|Any CPU.ActiveCfg = Release|Any CPU
		{AE7FC083-66CA-43DA-AEA6-740A06D27665}.Ad-Hoc|Any CPU.Build.0 = Release|Any CPU
		{AE7FC083-66CA-43DA-AEA6-740A06D27665}.Ad-Hoc|iPhone.ActiveCfg = Release|Any CPU
		{AE7FC083-66CA-43DA-AEA6-740A06D27665}.Ad-Hoc|iPhone.Build.0 = Release|Any CPU
		{AE7FC083-66CA-43DA-AEA6-740A06D27665}.Ad-Hoc|iPhoneSimulator.ActiveCfg = Release|Any CPU
		{AE7FC083-66CA-43DA-AEA6-740A06D27665}.Ad-Hoc|iPhoneSimulator.Build.0 = Release|Any CPU
		{AE7FC083-66CA-43DA-AEA6-740A06D27665}.AppStore|Any CPU.ActiveCfg = Release|Any CPU
		{AE7FC083-66CA-43DA-AEA6-740A06D27665}.AppStore|Any CPU.Build.0 = Release|Any CPU
		{AE7FC083-66CA-43DA-AEA6-740A06D27665}.AppStore|iPhone.ActiveCfg = Release|Any CPU
		{AE7FC083-66CA-43DA-AEA6-740A06D27665}.AppStore|iPhone.Build.0 = Release|Any CPU
		{AE7FC083-66CA-43DA-AEA6-740A06D27665}.AppStore|iPhoneSimulator.ActiveCfg = Release|Any CPU
		{AE7FC083-66CA-43DA-AEA6-740A06D27665}.AppStore|iPhoneSimulator.Build.0 = Release|Any CPU
		{AE7FC083-66CA-43DA-AEA6-740A06D27665}.Debug|Any CPU.ActiveCfg = Debug|Any CPU
		{AE7FC083-66CA-43DA-AEA6-740A06D27665}.Debug|Any CPU.Build.0 = Debug|Any CPU
		{AE7FC083-66CA-43DA-AEA6-740A06D27665}.Debug|iPhone.ActiveCfg = Debug|Any CPU
		{AE7FC083-66CA-43DA-AEA6-740A06D27665}.Debug|iPhone.Build.0 = Debug|Any CPU
		{AE7FC083-66CA-43DA-AEA6-740A06D27665}.Debug|iPhoneSimulator.ActiveCfg = Debug|Any CPU
		{AE7FC083-66CA-43DA-AEA6-740A06D27665}.Debug|iPhoneSimulator.Build.0 = Debug|Any CPU
		{AE7FC083-66CA-43DA-AEA6-740A06D27665}.Release|Any CPU.ActiveCfg = Release|Any CPU
		{AE7FC083-66CA-43DA-AEA6-740A06D27665}.Release|Any CPU.Build.0 = Release|Any CPU
		{AE7FC083-66CA-43DA-AEA6-740A06D27665}.Release|iPhone.ActiveCfg = Release|Any CPU
		{AE7FC083-66CA-43DA-AEA6-740A06D27665}.Release|iPhone.Build.0 = Release|Any CPU
		{AE7FC083-66CA-43DA-AEA6-740A06D27665}.Release|iPhoneSimulator.ActiveCfg = Release|Any CPU
		{AE7FC083-66CA-43DA-AEA6-740A06D27665}.Release|iPhoneSimulator.Build.0 = Release|Any CPU
		{517D18BB-5695-47D6-A9D1-E4CC73692476}.Ad-Hoc|Any CPU.ActiveCfg = Release|Any CPU
		{517D18BB-5695-47D6-A9D1-E4CC73692476}.Ad-Hoc|Any CPU.Build.0 = Release|Any CPU
		{517D18BB-5695-47D6-A9D1-E4CC73692476}.Ad-Hoc|Any CPU.Deploy.0 = Release|Any CPU
		{517D18BB-5695-47D6-A9D1-E4CC73692476}.Ad-Hoc|iPhone.ActiveCfg = Release|Any CPU
		{517D18BB-5695-47D6-A9D1-E4CC73692476}.Ad-Hoc|iPhone.Build.0 = Release|Any CPU
		{517D18BB-5695-47D6-A9D1-E4CC73692476}.Ad-Hoc|iPhone.Deploy.0 = Release|Any CPU
		{517D18BB-5695-47D6-A9D1-E4CC73692476}.Ad-Hoc|iPhoneSimulator.ActiveCfg = Release|Any CPU
		{517D18BB-5695-47D6-A9D1-E4CC73692476}.Ad-Hoc|iPhoneSimulator.Build.0 = Release|Any CPU
		{517D18BB-5695-47D6-A9D1-E4CC73692476}.Ad-Hoc|iPhoneSimulator.Deploy.0 = Release|Any CPU
		{517D18BB-5695-47D6-A9D1-E4CC73692476}.AppStore|Any CPU.ActiveCfg = Release|Any CPU
		{517D18BB-5695-47D6-A9D1-E4CC73692476}.AppStore|Any CPU.Build.0 = Release|Any CPU
		{517D18BB-5695-47D6-A9D1-E4CC73692476}.AppStore|Any CPU.Deploy.0 = Release|Any CPU
		{517D18BB-5695-47D6-A9D1-E4CC73692476}.AppStore|iPhone.ActiveCfg = Release|Any CPU
		{517D18BB-5695-47D6-A9D1-E4CC73692476}.AppStore|iPhone.Build.0 = Release|Any CPU
		{517D18BB-5695-47D6-A9D1-E4CC73692476}.AppStore|iPhone.Deploy.0 = Release|Any CPU
		{517D18BB-5695-47D6-A9D1-E4CC73692476}.AppStore|iPhoneSimulator.ActiveCfg = Release|Any CPU
		{517D18BB-5695-47D6-A9D1-E4CC73692476}.AppStore|iPhoneSimulator.Build.0 = Release|Any CPU
		{517D18BB-5695-47D6-A9D1-E4CC73692476}.AppStore|iPhoneSimulator.Deploy.0 = Release|Any CPU
		{517D18BB-5695-47D6-A9D1-E4CC73692476}.Debug|Any CPU.ActiveCfg = Debug|Any CPU
		{517D18BB-5695-47D6-A9D1-E4CC73692476}.Debug|Any CPU.Build.0 = Debug|Any CPU
		{517D18BB-5695-47D6-A9D1-E4CC73692476}.Debug|Any CPU.Deploy.0 = Debug|Any CPU
		{517D18BB-5695-47D6-A9D1-E4CC73692476}.Debug|iPhone.ActiveCfg = Debug|Any CPU
		{517D18BB-5695-47D6-A9D1-E4CC73692476}.Debug|iPhone.Build.0 = Debug|Any CPU
		{517D18BB-5695-47D6-A9D1-E4CC73692476}.Debug|iPhone.Deploy.0 = Debug|Any CPU
		{517D18BB-5695-47D6-A9D1-E4CC73692476}.Debug|iPhoneSimulator.ActiveCfg = Debug|Any CPU
		{517D18BB-5695-47D6-A9D1-E4CC73692476}.Debug|iPhoneSimulator.Build.0 = Debug|Any CPU
		{517D18BB-5695-47D6-A9D1-E4CC73692476}.Debug|iPhoneSimulator.Deploy.0 = Debug|Any CPU
		{517D18BB-5695-47D6-A9D1-E4CC73692476}.Release|Any CPU.ActiveCfg = Release|Any CPU
		{517D18BB-5695-47D6-A9D1-E4CC73692476}.Release|Any CPU.Build.0 = Release|Any CPU
		{517D18BB-5695-47D6-A9D1-E4CC73692476}.Release|Any CPU.Deploy.0 = Release|Any CPU
		{517D18BB-5695-47D6-A9D1-E4CC73692476}.Release|iPhone.ActiveCfg = Release|Any CPU
		{517D18BB-5695-47D6-A9D1-E4CC73692476}.Release|iPhone.Build.0 = Release|Any CPU
		{517D18BB-5695-47D6-A9D1-E4CC73692476}.Release|iPhone.Deploy.0 = Release|Any CPU
		{517D18BB-5695-47D6-A9D1-E4CC73692476}.Release|iPhoneSimulator.ActiveCfg = Release|Any CPU
		{517D18BB-5695-47D6-A9D1-E4CC73692476}.Release|iPhoneSimulator.Build.0 = Release|Any CPU
		{517D18BB-5695-47D6-A9D1-E4CC73692476}.Release|iPhoneSimulator.Deploy.0 = Release|Any CPU
		{E632EF17-E8C8-473E-AABE-81FD9D4361D9}.Ad-Hoc|Any CPU.ActiveCfg = Ad-Hoc|iPhone
		{E632EF17-E8C8-473E-AABE-81FD9D4361D9}.Ad-Hoc|iPhone.ActiveCfg = Ad-Hoc|iPhone
		{E632EF17-E8C8-473E-AABE-81FD9D4361D9}.Ad-Hoc|iPhone.Build.0 = Ad-Hoc|iPhone
		{E632EF17-E8C8-473E-AABE-81FD9D4361D9}.Ad-Hoc|iPhoneSimulator.ActiveCfg = Ad-Hoc|iPhoneSimulator
		{E632EF17-E8C8-473E-AABE-81FD9D4361D9}.Ad-Hoc|iPhoneSimulator.Build.0 = Ad-Hoc|iPhoneSimulator
		{E632EF17-E8C8-473E-AABE-81FD9D4361D9}.AppStore|Any CPU.ActiveCfg = AppStore|iPhone
		{E632EF17-E8C8-473E-AABE-81FD9D4361D9}.AppStore|iPhone.ActiveCfg = AppStore|iPhone
		{E632EF17-E8C8-473E-AABE-81FD9D4361D9}.AppStore|iPhone.Build.0 = AppStore|iPhone
		{E632EF17-E8C8-473E-AABE-81FD9D4361D9}.AppStore|iPhoneSimulator.ActiveCfg = AppStore|iPhoneSimulator
		{E632EF17-E8C8-473E-AABE-81FD9D4361D9}.AppStore|iPhoneSimulator.Build.0 = AppStore|iPhoneSimulator
		{E632EF17-E8C8-473E-AABE-81FD9D4361D9}.Debug|Any CPU.ActiveCfg = Debug|iPhone
		{E632EF17-E8C8-473E-AABE-81FD9D4361D9}.Debug|iPhone.ActiveCfg = Debug|iPhone
		{E632EF17-E8C8-473E-AABE-81FD9D4361D9}.Debug|iPhone.Build.0 = Debug|iPhone
		{E632EF17-E8C8-473E-AABE-81FD9D4361D9}.Debug|iPhoneSimulator.ActiveCfg = Debug|iPhoneSimulator
		{E632EF17-E8C8-473E-AABE-81FD9D4361D9}.Debug|iPhoneSimulator.Build.0 = Debug|iPhoneSimulator
		{E632EF17-E8C8-473E-AABE-81FD9D4361D9}.Release|Any CPU.ActiveCfg = Release|iPhone
		{E632EF17-E8C8-473E-AABE-81FD9D4361D9}.Release|iPhone.ActiveCfg = Release|iPhone
		{E632EF17-E8C8-473E-AABE-81FD9D4361D9}.Release|iPhone.Build.0 = Release|iPhone
		{E632EF17-E8C8-473E-AABE-81FD9D4361D9}.Release|iPhoneSimulator.ActiveCfg = Release|iPhoneSimulator
		{E632EF17-E8C8-473E-AABE-81FD9D4361D9}.Release|iPhoneSimulator.Build.0 = Release|iPhoneSimulator
		{11EA2038-D780-4FBC-9DD8-368F757AD4E4}.Ad-Hoc|Any CPU.ActiveCfg = Debug|Any CPU
		{11EA2038-D780-4FBC-9DD8-368F757AD4E4}.Ad-Hoc|Any CPU.Build.0 = Debug|Any CPU
		{11EA2038-D780-4FBC-9DD8-368F757AD4E4}.Ad-Hoc|iPhone.ActiveCfg = Debug|Any CPU
		{11EA2038-D780-4FBC-9DD8-368F757AD4E4}.Ad-Hoc|iPhone.Build.0 = Debug|Any CPU
		{11EA2038-D780-4FBC-9DD8-368F757AD4E4}.Ad-Hoc|iPhoneSimulator.ActiveCfg = Debug|Any CPU
		{11EA2038-D780-4FBC-9DD8-368F757AD4E4}.Ad-Hoc|iPhoneSimulator.Build.0 = Debug|Any CPU
		{11EA2038-D780-4FBC-9DD8-368F757AD4E4}.AppStore|Any CPU.ActiveCfg = Debug|Any CPU
		{11EA2038-D780-4FBC-9DD8-368F757AD4E4}.AppStore|Any CPU.Build.0 = Debug|Any CPU
		{11EA2038-D780-4FBC-9DD8-368F757AD4E4}.AppStore|iPhone.ActiveCfg = Debug|Any CPU
		{11EA2038-D780-4FBC-9DD8-368F757AD4E4}.AppStore|iPhone.Build.0 = Debug|Any CPU
		{11EA2038-D780-4FBC-9DD8-368F757AD4E4}.AppStore|iPhoneSimulator.ActiveCfg = Debug|Any CPU
		{11EA2038-D780-4FBC-9DD8-368F757AD4E4}.AppStore|iPhoneSimulator.Build.0 = Debug|Any CPU
		{11EA2038-D780-4FBC-9DD8-368F757AD4E4}.Debug|Any CPU.ActiveCfg = Debug|Any CPU
		{11EA2038-D780-4FBC-9DD8-368F757AD4E4}.Debug|Any CPU.Build.0 = Debug|Any CPU
		{11EA2038-D780-4FBC-9DD8-368F757AD4E4}.Debug|iPhone.ActiveCfg = Debug|Any CPU
		{11EA2038-D780-4FBC-9DD8-368F757AD4E4}.Debug|iPhone.Build.0 = Debug|Any CPU
		{11EA2038-D780-4FBC-9DD8-368F757AD4E4}.Debug|iPhoneSimulator.ActiveCfg = Debug|Any CPU
		{11EA2038-D780-4FBC-9DD8-368F757AD4E4}.Debug|iPhoneSimulator.Build.0 = Debug|Any CPU
		{11EA2038-D780-4FBC-9DD8-368F757AD4E4}.Release|Any CPU.ActiveCfg = Release|Any CPU
		{11EA2038-D780-4FBC-9DD8-368F757AD4E4}.Release|Any CPU.Build.0 = Release|Any CPU
		{11EA2038-D780-4FBC-9DD8-368F757AD4E4}.Release|iPhone.ActiveCfg = Release|Any CPU
		{11EA2038-D780-4FBC-9DD8-368F757AD4E4}.Release|iPhone.Build.0 = Release|Any CPU
		{11EA2038-D780-4FBC-9DD8-368F757AD4E4}.Release|iPhoneSimulator.ActiveCfg = Release|Any CPU
		{11EA2038-D780-4FBC-9DD8-368F757AD4E4}.Release|iPhoneSimulator.Build.0 = Release|Any CPU
	EndGlobalSection
	GlobalSection(SolutionProperties) = preSolution
		HideSolutionNode = FALSE
	EndGlobalSection
	GlobalSection(NestedProjects) = preSolution
		{517D18BB-5695-47D6-A9D1-E4CC73692476} = {AE13FF61-A84C-425C-9A0D-C3578A01664A}
		{E632EF17-E8C8-473E-AABE-81FD9D4361D9} = {AE13FF61-A84C-425C-9A0D-C3578A01664A}
		{11EA2038-D780-4FBC-9DD8-368F757AD4E4} = {AE13FF61-A84C-425C-9A0D-C3578A01664A}
	EndGlobalSection
	GlobalSection(ExtensibilityGlobals) = postSolution
		SolutionGuid = {F4B818DE-9D58-49A3-9CF5-1E47A03EAC62}
	EndGlobalSection
EndGlobal
