
Microsoft Visual Studio Solution File, Format Version 12.00
# Visual Studio 15
VisualStudioVersion = 15.0.27130.2027
MinimumVisualStudioVersion = 10.0.40219.1
Project("{9A19103F-16F7-4668-BE54-9A1E7A4F7556}") = "SomosTechies.Facebook", "SomosTechies.Facebook\SomosTechies.Facebook.csproj", "{9805D869-D96F-4A0D-B3F9-BB4346A717CF}"
EndProject
Project("{FAE04EC0-301F-11D3-BF4B-00C04F79EFBC}") = "SomosTechies.Facebook.Android", "SomosTechies.Facebook.Android\SomosTechies.Facebook.Android.csproj", "{C48A43BB-516B-4152-BB60-1C0B3A01CF82}"
EndProject
Project("{FAE04EC0-301F-11D3-BF4B-00C04F79EFBC}") = "SomosTechies.Facebook.iOS", "SomosTechies.Facebook.iOS\SomosTechies.Facebook.iOS.csproj", "{AE7FC083-66CA-43DA-AEA6-740A06D27665}"
EndProject
Project("{2150E333-8FDC-42A3-9474-1A3956D46DE8}") = "Solution Items", "Solution Items", "{C87C4CA0-41AA-4B57-AD81-B0D526DDEA6E}"
	ProjectSection(SolutionItems) = preProject
		SomosTechies.Facebook.nuspec = SomosTechies.Facebook.nuspec
	EndProjectSection
EndProject
Global
	GlobalSection(SolutionConfigurationPlatforms) = preSolution
		Debug|Any CPU = Debug|Any CPU
		Release|Any CPU = Release|Any CPU
	EndGlobalSection
	GlobalSection(ProjectConfigurationPlatforms) = postSolution
		{9805D869-D96F-4A0D-B3F9-BB4346A717CF}.Debug|Any CPU.ActiveCfg = Debug|Any CPU
		{9805D869-D96F-4A0D-B3F9-BB4346A717CF}.Debug|Any CPU.Build.0 = Debug|Any CPU
		{9805D869-D96F-4A0D-B3F9-BB4346A717CF}.Release|Any CPU.ActiveCfg = Release|Any CPU
		{9805D869-D96F-4A0D-B3F9-BB4346A717CF}.Release|Any CPU.Build.0 = Release|Any CPU
		{C48A43BB-516B-4152-BB60-1C0B3A01CF82}.Debug|Any CPU.ActiveCfg = Debug|Any CPU
		{C48A43BB-516B-4152-BB60-1C0B3A01CF82}.Debug|Any CPU.Build.0 = Debug|Any CPU
		{C48A43BB-516B-4152-BB60-1C0B3A01CF82}.Release|Any CPU.ActiveCfg = Release|Any CPU
		{C48A43BB-516B-4152-BB60-1C0B3A01CF82}.Release|Any CPU.Build.0 = Release|Any CPU
		{AE7FC083-66CA-43DA-AEA6-740A06D27665}.Debug|Any CPU.ActiveCfg = Debug|Any CPU
		{AE7FC083-66CA-43DA-AEA6-740A06D27665}.Debug|Any CPU.Build.0 = Debug|Any CPU
		{AE7FC083-66CA-43DA-AEA6-740A06D27665}.Release|Any CPU.ActiveCfg = Release|Any CPU
		{AE7FC083-66CA-43DA-AEA6-740A06D27665}.Release|Any CPU.Build.0 = Release|Any CPU
	EndGlobalSection
	GlobalSection(SolutionProperties) = preSolution
		HideSolutionNode = FALSE
	EndGlobalSection
	GlobalSection(ExtensibilityGlobals) = postSolution
		SolutionGuid = {BC24B5BB-FDFB-4D6B-A08A-61E0E21C58AC}
	EndGlobalSection
EndGlobal
